// !$*UTF8*$!
{
	archiveVersion = 1;
	classes = {
	};
	objectVersion = 56;
	objects = {

/* Begin PBXBuildFile section */
		9323EAF42BAA4C5D00FB8AB9 /* ThemeOTDModel.swift in Sources */ = {isa = PBXBuildFile; fileRef = 9323EAF32BAA4C5D00FB8AB9 /* ThemeOTDModel.swift */; };
		9323EAF62BAA4DC600FB8AB9 /* ThemeOTDFetchManager.swift in Sources */ = {isa = PBXBuildFile; fileRef = 9323EAF52BAA4DC600FB8AB9 /* ThemeOTDFetchManager.swift */; };
		9323EAF92BACF30B00FB8AB9 /* FetchYoutubeAttributes.swift in Sources */ = {isa = PBXBuildFile; fileRef = 9323EAF82BACF30B00FB8AB9 /* FetchYoutubeAttributes.swift */; };
		9323EAFB2BAFA9A900FB8AB9 /* YoutubePlayer.swift in Sources */ = {isa = PBXBuildFile; fileRef = 9323EAFA2BAFA9A900FB8AB9 /* YoutubePlayer.swift */; };
		9373FDCD2BD2D5E900F4451E /* TabBar.swift in Sources */ = {isa = PBXBuildFile; fileRef = 9373FDCC2BD2D5E900F4451E /* TabBar.swift */; };
		9376A6282BC4A00200413733 /* PathwayView.swift in Sources */ = {isa = PBXBuildFile; fileRef = 9376A6272BC4A00200413733 /* PathwayView.swift */; };
		937E2B172BBCAF0700EFC8B3 /* OctagonButton.swift in Sources */ = {isa = PBXBuildFile; fileRef = 937E2B162BBCAF0700EFC8B3 /* OctagonButton.swift */; };
		938447282BCF2F30007C6591 /* MiscView.swift in Sources */ = {isa = PBXBuildFile; fileRef = 938447272BCF2F30007C6591 /* MiscView.swift */; };
		9388735B2BBB5D2500D3BDE3 /* FaithPathView.swift in Sources */ = {isa = PBXBuildFile; fileRef = 9388735A2BBB5D2500D3BDE3 /* FaithPathView.swift */; };
		939E32B22BD1CD1800E46C9D /* PrayerReqButton.swift in Sources */ = {isa = PBXBuildFile; fileRef = 939E32B12BD1CD1800E46C9D /* PrayerReqButton.swift */; };
		93BB99072BE5A2DE00D93E59 /* BookItemCell.swift in Sources */ = {isa = PBXBuildFile; fileRef = 93BB99062BE5A2DE00D93E59 /* BookItemCell.swift */; };
		93BB990C2BEC296500D93E59 /* ScriptureVC.swift in Sources */ = {isa = PBXBuildFile; fileRef = 93BB990B2BEC296500D93E59 /* ScriptureVC.swift */; };
		93BB990E2BEC297D00D93E59 /* ScriptureView.swift in Sources */ = {isa = PBXBuildFile; fileRef = 93BB990D2BEC297D00D93E59 /* ScriptureView.swift */; };
		93CE91542B98EEB800D8C49B /* VerseOTDView.swift in Sources */ = {isa = PBXBuildFile; fileRef = 93CE91532B98EEB800D8C49B /* VerseOTDView.swift */; };
		93CE91562B99096600D8C49B /* CustomScrollView.swift in Sources */ = {isa = PBXBuildFile; fileRef = 93CE91552B99096600D8C49B /* CustomScrollView.swift */; };
		93CE91642B993D9600D8C49B /* CrimsonPro.ttf in Resources */ = {isa = PBXBuildFile; fileRef = 93CE91632B993D9600D8C49B /* CrimsonPro.ttf */; };
		93E35E042B8594F9008E939A /* AppDelegate.swift in Sources */ = {isa = PBXBuildFile; fileRef = 93E35E032B8594F9008E939A /* AppDelegate.swift */; };
		93E35E062B8594F9008E939A /* SceneDelegate.swift in Sources */ = {isa = PBXBuildFile; fileRef = 93E35E052B8594F9008E939A /* SceneDelegate.swift */; };
		93E35E082B8594F9008E939A /* HomeVC.swift in Sources */ = {isa = PBXBuildFile; fileRef = 93E35E072B8594F9008E939A /* HomeVC.swift */; };
		93E35E0B2B8594F9008E939A /* Main.storyboard in Resources */ = {isa = PBXBuildFile; fileRef = 93E35E092B8594F9008E939A /* Main.storyboard */; };
		93E35E0D2B8594FB008E939A /* Assets.xcassets in Resources */ = {isa = PBXBuildFile; fileRef = 93E35E0C2B8594FB008E939A /* Assets.xcassets */; };
		93E35E102B8594FB008E939A /* LaunchScreen.storyboard in Resources */ = {isa = PBXBuildFile; fileRef = 93E35E0E2B8594FB008E939A /* LaunchScreen.storyboard */; };
		93E35E1C2B85961E008E939A /* DesignManager.swift in Sources */ = {isa = PBXBuildFile; fileRef = 93E35E1B2B85961E008E939A /* DesignManager.swift */; };
		93E35E1E2B859845008E939A /* HomeView.swift in Sources */ = {isa = PBXBuildFile; fileRef = 93E35E1D2B859845008E939A /* HomeView.swift */; };
		93F8963E2B9BEB5000728FEE /* VerseOTDModel.swift in Sources */ = {isa = PBXBuildFile; fileRef = 93F8963D2B9BEB5000728FEE /* VerseOTDModel.swift */; };
		93F896402B9BEC6200728FEE /* VerseOTDFetchManager.swift in Sources */ = {isa = PBXBuildFile; fileRef = 93F8963F2B9BEC6200728FEE /* VerseOTDFetchManager.swift */; };
		93F896422BA00D9B00728FEE /* ThemeOTDView.swift in Sources */ = {isa = PBXBuildFile; fileRef = 93F896412BA00D9A00728FEE /* ThemeOTDView.swift */; };
		93F896442BA74C8600728FEE /* ThemeOTDStackView.swift in Sources */ = {isa = PBXBuildFile; fileRef = 93F896432BA74C8600728FEE /* ThemeOTDStackView.swift */; };
		93F896462BA7530300728FEE /* ThemeOTDItemView.swift in Sources */ = {isa = PBXBuildFile; fileRef = 93F896452BA7530300728FEE /* ThemeOTDItemView.swift */; };
		93FC79B72BD5CA0400FA0853 /* BibleBooksVC.swift in Sources */ = {isa = PBXBuildFile; fileRef = 93FC79B62BD5CA0400FA0853 /* BibleBooksVC.swift */; };
		93FC79BA2BD86DC600FA0853 /* BibleBooksView.swift in Sources */ = {isa = PBXBuildFile; fileRef = 93FC79B92BD86DC600FA0853 /* BibleBooksView.swift */; };
/* End PBXBuildFile section */

/* Begin PBXFileReference section */
		9323EAF32BAA4C5D00FB8AB9 /* ThemeOTDModel.swift */ = {isa = PBXFileReference; lastKnownFileType = sourcecode.swift; path = ThemeOTDModel.swift; sourceTree = "<group>"; };
		9323EAF52BAA4DC600FB8AB9 /* ThemeOTDFetchManager.swift */ = {isa = PBXFileReference; lastKnownFileType = sourcecode.swift; path = ThemeOTDFetchManager.swift; sourceTree = "<group>"; };
		9323EAF82BACF30B00FB8AB9 /* FetchYoutubeAttributes.swift */ = {isa = PBXFileReference; lastKnownFileType = sourcecode.swift; path = FetchYoutubeAttributes.swift; sourceTree = "<group>"; };
		9323EAFA2BAFA9A900FB8AB9 /* YoutubePlayer.swift */ = {isa = PBXFileReference; fileEncoding = 4; lastKnownFileType = sourcecode.swift; path = YoutubePlayer.swift; sourceTree = "<group>"; };
		9373FDCC2BD2D5E900F4451E /* TabBar.swift */ = {isa = PBXFileReference; lastKnownFileType = sourcecode.swift; path = TabBar.swift; sourceTree = "<group>"; };
		9376A6272BC4A00200413733 /* PathwayView.swift */ = {isa = PBXFileReference; lastKnownFileType = sourcecode.swift; path = PathwayView.swift; sourceTree = "<group>"; };
		937E2B162BBCAF0700EFC8B3 /* OctagonButton.swift */ = {isa = PBXFileReference; lastKnownFileType = sourcecode.swift; path = OctagonButton.swift; sourceTree = "<group>"; };
		938447272BCF2F30007C6591 /* MiscView.swift */ = {isa = PBXFileReference; lastKnownFileType = sourcecode.swift; path = MiscView.swift; sourceTree = "<group>"; };
		9388735A2BBB5D2500D3BDE3 /* FaithPathView.swift */ = {isa = PBXFileReference; lastKnownFileType = sourcecode.swift; path = FaithPathView.swift; sourceTree = "<group>"; };
		939E32B12BD1CD1800E46C9D /* PrayerReqButton.swift */ = {isa = PBXFileReference; lastKnownFileType = sourcecode.swift; path = PrayerReqButton.swift; sourceTree = "<group>"; };
		93BB99062BE5A2DE00D93E59 /* BookItemCell.swift */ = {isa = PBXFileReference; lastKnownFileType = sourcecode.swift; path = BookItemCell.swift; sourceTree = "<group>"; };
		93BB990B2BEC296500D93E59 /* ScriptureVC.swift */ = {isa = PBXFileReference; lastKnownFileType = sourcecode.swift; path = ScriptureVC.swift; sourceTree = "<group>"; };
		93BB990D2BEC297D00D93E59 /* ScriptureView.swift */ = {isa = PBXFileReference; lastKnownFileType = sourcecode.swift; path = ScriptureView.swift; sourceTree = "<group>"; };
		93CE91532B98EEB800D8C49B /* VerseOTDView.swift */ = {isa = PBXFileReference; lastKnownFileType = sourcecode.swift; path = VerseOTDView.swift; sourceTree = "<group>"; };
		93CE91552B99096600D8C49B /* CustomScrollView.swift */ = {isa = PBXFileReference; lastKnownFileType = sourcecode.swift; path = CustomScrollView.swift; sourceTree = "<group>"; };
		93CE91632B993D9600D8C49B /* CrimsonPro.ttf */ = {isa = PBXFileReference; lastKnownFileType = file; path = CrimsonPro.ttf; sourceTree = "<group>"; };
		93CE91662B9945A600D8C49B /* en */ = {isa = PBXFileReference; lastKnownFileType = text.plist.strings; name = en; path = en.lproj/Main.strings; sourceTree = "<group>"; };
		93E35E002B8594F9008E939A /* Praise Path.app */ = {isa = PBXFileReference; explicitFileType = wrapper.application; includeInIndex = 0; path = "Praise Path.app"; sourceTree = BUILT_PRODUCTS_DIR; };
		93E35E032B8594F9008E939A /* AppDelegate.swift */ = {isa = PBXFileReference; lastKnownFileType = sourcecode.swift; path = AppDelegate.swift; sourceTree = "<group>"; };
		93E35E052B8594F9008E939A /* SceneDelegate.swift */ = {isa = PBXFileReference; lastKnownFileType = sourcecode.swift; path = SceneDelegate.swift; sourceTree = "<group>"; };
		93E35E072B8594F9008E939A /* HomeVC.swift */ = {isa = PBXFileReference; lastKnownFileType = sourcecode.swift; path = HomeVC.swift; sourceTree = "<group>"; };
		93E35E0A2B8594F9008E939A /* Base */ = {isa = PBXFileReference; lastKnownFileType = file.storyboard; name = Base; path = Base.lproj/Main.storyboard; sourceTree = "<group>"; };
		93E35E0C2B8594FB008E939A /* Assets.xcassets */ = {isa = PBXFileReference; lastKnownFileType = folder.assetcatalog; path = Assets.xcassets; sourceTree = "<group>"; };
		93E35E0F2B8594FB008E939A /* Base */ = {isa = PBXFileReference; lastKnownFileType = file.storyboard; name = Base; path = Base.lproj/LaunchScreen.storyboard; sourceTree = "<group>"; };
		93E35E112B8594FB008E939A /* Info.plist */ = {isa = PBXFileReference; lastKnownFileType = text.plist.xml; name = Info.plist; path = "App Delegates/Info.plist"; sourceTree = "<group>"; };
		93E35E1B2B85961E008E939A /* DesignManager.swift */ = {isa = PBXFileReference; lastKnownFileType = sourcecode.swift; path = DesignManager.swift; sourceTree = "<group>"; };
		93E35E1D2B859845008E939A /* HomeView.swift */ = {isa = PBXFileReference; lastKnownFileType = sourcecode.swift; path = HomeView.swift; sourceTree = "<group>"; };
		93F8963D2B9BEB5000728FEE /* VerseOTDModel.swift */ = {isa = PBXFileReference; lastKnownFileType = sourcecode.swift; path = VerseOTDModel.swift; sourceTree = "<group>"; };
		93F8963F2B9BEC6200728FEE /* VerseOTDFetchManager.swift */ = {isa = PBXFileReference; lastKnownFileType = sourcecode.swift; path = VerseOTDFetchManager.swift; sourceTree = "<group>"; };
		93F896412BA00D9A00728FEE /* ThemeOTDView.swift */ = {isa = PBXFileReference; lastKnownFileType = sourcecode.swift; path = ThemeOTDView.swift; sourceTree = "<group>"; };
		93F896432BA74C8600728FEE /* ThemeOTDStackView.swift */ = {isa = PBXFileReference; lastKnownFileType = sourcecode.swift; path = ThemeOTDStackView.swift; sourceTree = "<group>"; };
		93F896452BA7530300728FEE /* ThemeOTDItemView.swift */ = {isa = PBXFileReference; lastKnownFileType = sourcecode.swift; path = ThemeOTDItemView.swift; sourceTree = "<group>"; };
		93FC79B62BD5CA0400FA0853 /* BibleBooksVC.swift */ = {isa = PBXFileReference; lastKnownFileType = sourcecode.swift; path = BibleBooksVC.swift; sourceTree = "<group>"; };
		93FC79B92BD86DC600FA0853 /* BibleBooksView.swift */ = {isa = PBXFileReference; lastKnownFileType = sourcecode.swift; path = BibleBooksView.swift; sourceTree = "<group>"; };
/* End PBXFileReference section */

/* Begin PBXFrameworksBuildPhase section */
		93E35DFD2B8594F9008E939A /* Frameworks */ = {
			isa = PBXFrameworksBuildPhase;
			buildActionMask = 2147483647;
			files = (
			);
			runOnlyForDeploymentPostprocessing = 0;
		};
/* End PBXFrameworksBuildPhase section */

/* Begin PBXGroup section */
		9323EAF22BAA49CE00FB8AB9 /* VerseOTD */ = {
			isa = PBXGroup;
			children = (
				93F8963D2B9BEB5000728FEE /* VerseOTDModel.swift */,
				93F8963F2B9BEC6200728FEE /* VerseOTDFetchManager.swift */,
			);
			path = VerseOTD;
			sourceTree = "<group>";
		};
		9323EAF72BAA4DCF00FB8AB9 /* ThemeOTD */ = {
			isa = PBXGroup;
			children = (
				9323EAF32BAA4C5D00FB8AB9 /* ThemeOTDModel.swift */,
				9323EAF52BAA4DC600FB8AB9 /* ThemeOTDFetchManager.swift */,
				9323EAF82BACF30B00FB8AB9 /* FetchYoutubeAttributes.swift */,
			);
			path = ThemeOTD;
			sourceTree = "<group>";
		};
		9373FDCB2BD2BAF200F4451E /* MiscViews */ = {
			isa = PBXGroup;
			children = (
				938447272BCF2F30007C6591 /* MiscView.swift */,
				939E32B12BD1CD1800E46C9D /* PrayerReqButton.swift */,
			);
			path = MiscViews;
			sourceTree = "<group>";
		};
		9388735C2BBB5D3200D3BDE3 /* FaithPathway */ = {
			isa = PBXGroup;
			children = (
				9388735A2BBB5D2500D3BDE3 /* FaithPathView.swift */,
				9376A6272BC4A00200413733 /* PathwayView.swift */,
				937E2B162BBCAF0700EFC8B3 /* OctagonButton.swift */,
			);
			path = FaithPathway;
			sourceTree = "<group>";
		};
		93A88E182BAA1F1900E186E9 /* ThemeOTD */ = {
			isa = PBXGroup;
			children = (
				93F896412BA00D9A00728FEE /* ThemeOTDView.swift */,
				93F896432BA74C8600728FEE /* ThemeOTDStackView.swift */,
				93F896452BA7530300728FEE /* ThemeOTDItemView.swift */,
				9323EAFA2BAFA9A900FB8AB9 /* YoutubePlayer.swift */,
			);
			path = ThemeOTD;
			sourceTree = "<group>";
		};
		93A88E192BAA1F3700E186E9 /* VerseOTD */ = {
			isa = PBXGroup;
			children = (
				93CE91532B98EEB800D8C49B /* VerseOTDView.swift */,
			);
			path = VerseOTD;
			sourceTree = "<group>";
		};
		93BB990A2BE9A1D400D93E59 /* BibleViews */ = {
			isa = PBXGroup;
			children = (
				93FC79B92BD86DC600FA0853 /* BibleBooksView.swift */,
				93BB99062BE5A2DE00D93E59 /* BookItemCell.swift */,
				93BB990D2BEC297D00D93E59 /* ScriptureView.swift */,
			);
			path = BibleViews;
			sourceTree = "<group>";
		};
		93E35DF72B8594F9008E939A = {
			isa = PBXGroup;
			children = (
				93E35E022B8594F9008E939A /* Praise Path */,
				93E35E012B8594F9008E939A /* Products */,
			);
			sourceTree = "<group>";
		};
		93E35E012B8594F9008E939A /* Products */ = {
			isa = PBXGroup;
			children = (
				93E35E002B8594F9008E939A /* Praise Path.app */,
			);
			name = Products;
			sourceTree = "<group>";
		};
		93E35E022B8594F9008E939A /* Praise Path */ = {
			isa = PBXGroup;
			children = (
				93E35E1B2B85961E008E939A /* DesignManager.swift */,
				93E35E182B859591008E939A /* Model */,
				93E35E192B859598008E939A /* View */,
				93E35E1A2B8595A1008E939A /* Controller */,
				93E35E032B8594F9008E939A /* AppDelegate.swift */,
				93E35E052B8594F9008E939A /* SceneDelegate.swift */,
				93E35E112B8594FB008E939A /* Info.plist */,
				93E35E0C2B8594FB008E939A /* Assets.xcassets */,
				93CE91632B993D9600D8C49B /* CrimsonPro.ttf */,
				93E35E0E2B8594FB008E939A /* LaunchScreen.storyboard */,
				93E35E092B8594F9008E939A /* Main.storyboard */,
			);
			path = "Praise Path";
			sourceTree = "<group>";
		};
		93E35E182B859591008E939A /* Model */ = {
			isa = PBXGroup;
			children = (
				9323EAF22BAA49CE00FB8AB9 /* VerseOTD */,
				9323EAF72BAA4DCF00FB8AB9 /* ThemeOTD */,
			);
			path = Model;
			sourceTree = "<group>";
		};
		93E35E192B859598008E939A /* View */ = {
			isa = PBXGroup;
			children = (
				93FC79B82BD5CA2A00FA0853 /* HomeViews */,
				93BB990A2BE9A1D400D93E59 /* BibleViews */,
			);
			path = View;
			sourceTree = "<group>";
		};
		93E35E1A2B8595A1008E939A /* Controller */ = {
			isa = PBXGroup;
			children = (
				9373FDCC2BD2D5E900F4451E /* TabBar.swift */,
				93E35E072B8594F9008E939A /* HomeVC.swift */,
				93FC79B62BD5CA0400FA0853 /* BibleBooksVC.swift */,
				93BB990B2BEC296500D93E59 /* ScriptureVC.swift */,
			);
			path = Controller;
			sourceTree = "<group>";
		};
		93FC79B82BD5CA2A00FA0853 /* HomeViews */ = {
			isa = PBXGroup;
			children = (
				93E35E1D2B859845008E939A /* HomeView.swift */,
				93CE91552B99096600D8C49B /* CustomScrollView.swift */,
				93A88E192BAA1F3700E186E9 /* VerseOTD */,
				93A88E182BAA1F1900E186E9 /* ThemeOTD */,
				9388735C2BBB5D3200D3BDE3 /* FaithPathway */,
				9373FDCB2BD2BAF200F4451E /* MiscViews */,
			);
			path = HomeViews;
			sourceTree = "<group>";
		};
/* End PBXGroup section */

/* Begin PBXNativeTarget section */
		93E35DFF2B8594F9008E939A /* Praise Path */ = {
			isa = PBXNativeTarget;
			buildConfigurationList = 93E35E142B8594FB008E939A /* Build configuration list for PBXNativeTarget "Praise Path" */;
			buildPhases = (
				93E35DFC2B8594F9008E939A /* Sources */,
				93E35DFD2B8594F9008E939A /* Frameworks */,
				93E35DFE2B8594F9008E939A /* Resources */,
			);
			buildRules = (
			);
			dependencies = (
			);
			name = "Praise Path";
			productName = "Praise Path";
			productReference = 93E35E002B8594F9008E939A /* Praise Path.app */;
			productType = "com.apple.product-type.application";
		};
/* End PBXNativeTarget section */

/* Begin PBXProject section */
		93E35DF82B8594F9008E939A /* Project object */ = {
			isa = PBXProject;
			attributes = {
				BuildIndependentTargetsInParallel = 1;
				LastSwiftUpdateCheck = 1500;
				LastUpgradeCheck = 1500;
				TargetAttributes = {
					93E35DFF2B8594F9008E939A = {
						CreatedOnToolsVersion = 15.0;
					};
				};
			};
			buildConfigurationList = 93E35DFB2B8594F9008E939A /* Build configuration list for PBXProject "Praise Path" */;
			compatibilityVersion = "Xcode 14.0";
			developmentRegion = en;
			hasScannedForEncodings = 0;
			knownRegions = (
				en,
				Base,
			);
			mainGroup = 93E35DF72B8594F9008E939A;
			productRefGroup = 93E35E012B8594F9008E939A /* Products */;
			projectDirPath = "";
			projectRoot = "";
			targets = (
				93E35DFF2B8594F9008E939A /* Praise Path */,
			);
		};
/* End PBXProject section */

/* Begin PBXResourcesBuildPhase section */
		93E35DFE2B8594F9008E939A /* Resources */ = {
			isa = PBXResourcesBuildPhase;
			buildActionMask = 2147483647;
			files = (
				93E35E102B8594FB008E939A /* LaunchScreen.storyboard in Resources */,
				93E35E0D2B8594FB008E939A /* Assets.xcassets in Resources */,
				93CE91642B993D9600D8C49B /* CrimsonPro.ttf in Resources */,
				93E35E0B2B8594F9008E939A /* Main.storyboard in Resources */,
			);
			runOnlyForDeploymentPostprocessing = 0;
		};
/* End PBXResourcesBuildPhase section */

/* Begin PBXSourcesBuildPhase section */
		93E35DFC2B8594F9008E939A /* Sources */ = {
			isa = PBXSourcesBuildPhase;
			buildActionMask = 2147483647;
			files = (
				938447282BCF2F30007C6591 /* MiscView.swift in Sources */,
				93BB990E2BEC297D00D93E59 /* ScriptureView.swift in Sources */,
				9388735B2BBB5D2500D3BDE3 /* FaithPathView.swift in Sources */,
				93E35E082B8594F9008E939A /* HomeVC.swift in Sources */,
				93FC79BA2BD86DC600FA0853 /* BibleBooksView.swift in Sources */,
				93CE91562B99096600D8C49B /* CustomScrollView.swift in Sources */,
				93F896422BA00D9B00728FEE /* ThemeOTDView.swift in Sources */,
				9323EAF42BAA4C5D00FB8AB9 /* ThemeOTDModel.swift in Sources */,
				93E35E042B8594F9008E939A /* AppDelegate.swift in Sources */,
				93F896402B9BEC6200728FEE /* VerseOTDFetchManager.swift in Sources */,
				93F8963E2B9BEB5000728FEE /* VerseOTDModel.swift in Sources */,
				937E2B172BBCAF0700EFC8B3 /* OctagonButton.swift in Sources */,
				9323EAF92BACF30B00FB8AB9 /* FetchYoutubeAttributes.swift in Sources */,
				9323EAFB2BAFA9A900FB8AB9 /* YoutubePlayer.swift in Sources */,
				93BB990C2BEC296500D93E59 /* ScriptureVC.swift in Sources */,
				93F896442BA74C8600728FEE /* ThemeOTDStackView.swift in Sources */,
				9373FDCD2BD2D5E900F4451E /* TabBar.swift in Sources */,
				93BB99072BE5A2DE00D93E59 /* BookItemCell.swift in Sources */,
				93CE91542B98EEB800D8C49B /* VerseOTDView.swift in Sources */,
				9376A6282BC4A00200413733 /* PathwayView.swift in Sources */,
				93E35E062B8594F9008E939A /* SceneDelegate.swift in Sources */,
				9323EAF62BAA4DC600FB8AB9 /* ThemeOTDFetchManager.swift in Sources */,
				93F896462BA7530300728FEE /* ThemeOTDItemView.swift in Sources */,
				939E32B22BD1CD1800E46C9D /* PrayerReqButton.swift in Sources */,
				93E35E1E2B859845008E939A /* HomeView.swift in Sources */,
				93E35E1C2B85961E008E939A /* DesignManager.swift in Sources */,
				93FC79B72BD5CA0400FA0853 /* BibleBooksVC.swift in Sources */,
			);
			runOnlyForDeploymentPostprocessing = 0;
		};
/* End PBXSourcesBuildPhase section */

/* Begin PBXVariantGroup section */
		93E35E092B8594F9008E939A /* Main.storyboard */ = {
			isa = PBXVariantGroup;
			children = (
				93E35E0A2B8594F9008E939A /* Base */,
				93CE91662B9945A600D8C49B /* en */,
			);
			name = Main.storyboard;
			sourceTree = "<group>";
		};
		93E35E0E2B8594FB008E939A /* LaunchScreen.storyboard */ = {
			isa = PBXVariantGroup;
			children = (
				93E35E0F2B8594FB008E939A /* Base */,
			);
			name = LaunchScreen.storyboard;
			sourceTree = "<group>";
		};
/* End PBXVariantGroup section */

/* Begin XCBuildConfiguration section */
		93E35E122B8594FB008E939A /* Debug */ = {
			isa = XCBuildConfiguration;
			buildSettings = {
				ALWAYS_SEARCH_USER_PATHS = NO;
				ASSETCATALOG_COMPILER_GENERATE_SWIFT_ASSET_SYMBOL_EXTENSIONS = YES;
				CLANG_ANALYZER_NONNULL = YES;
				CLANG_ANALYZER_NUMBER_OBJECT_CONVERSION = YES_AGGRESSIVE;
				CLANG_CXX_LANGUAGE_STANDARD = "gnu++20";
				CLANG_ENABLE_MODULES = YES;
				CLANG_ENABLE_OBJC_ARC = YES;
				CLANG_ENABLE_OBJC_WEAK = YES;
				CLANG_WARN_BLOCK_CAPTURE_AUTORELEASING = YES;
				CLANG_WARN_BOOL_CONVERSION = YES;
				CLANG_WARN_COMMA = YES;
				CLANG_WARN_CONSTANT_CONVERSION = YES;
				CLANG_WARN_DEPRECATED_OBJC_IMPLEMENTATIONS = YES;
				CLANG_WARN_DIRECT_OBJC_ISA_USAGE = YES_ERROR;
				CLANG_WARN_DOCUMENTATION_COMMENTS = YES;
				CLANG_WARN_EMPTY_BODY = YES;
				CLANG_WARN_ENUM_CONVERSION = YES;
				CLANG_WARN_INFINITE_RECURSION = YES;
				CLANG_WARN_INT_CONVERSION = YES;
				CLANG_WARN_NON_LITERAL_NULL_CONVERSION = YES;
				CLANG_WARN_OBJC_IMPLICIT_RETAIN_SELF = YES;
				CLANG_WARN_OBJC_LITERAL_CONVERSION = YES;
				CLANG_WARN_OBJC_ROOT_CLASS = YES_ERROR;
				CLANG_WARN_QUOTED_INCLUDE_IN_FRAMEWORK_HEADER = YES;
				CLANG_WARN_RANGE_LOOP_ANALYSIS = YES;
				CLANG_WARN_STRICT_PROTOTYPES = YES;
				CLANG_WARN_SUSPICIOUS_MOVE = YES;
				CLANG_WARN_UNGUARDED_AVAILABILITY = YES_AGGRESSIVE;
				CLANG_WARN_UNREACHABLE_CODE = YES;
				CLANG_WARN__DUPLICATE_METHOD_MATCH = YES;
				COPY_PHASE_STRIP = NO;
				DEBUG_INFORMATION_FORMAT = dwarf;
				ENABLE_STRICT_OBJC_MSGSEND = YES;
				ENABLE_TESTABILITY = YES;
				ENABLE_USER_SCRIPT_SANDBOXING = YES;
				GCC_C_LANGUAGE_STANDARD = gnu17;
				GCC_DYNAMIC_NO_PIC = NO;
				GCC_NO_COMMON_BLOCKS = YES;
				GCC_OPTIMIZATION_LEVEL = 0;
				GCC_PREPROCESSOR_DEFINITIONS = (
					"DEBUG=1",
					"$(inherited)",
				);
				GCC_WARN_64_TO_32_BIT_CONVERSION = YES;
				GCC_WARN_ABOUT_RETURN_TYPE = YES_ERROR;
				GCC_WARN_UNDECLARED_SELECTOR = YES;
				GCC_WARN_UNINITIALIZED_AUTOS = YES_AGGRESSIVE;
				GCC_WARN_UNUSED_FUNCTION = YES;
				GCC_WARN_UNUSED_VARIABLE = YES;
				IPHONEOS_DEPLOYMENT_TARGET = 17.0;
				LOCALIZATION_PREFERS_STRING_CATALOGS = YES;
				MTL_ENABLE_DEBUG_INFO = INCLUDE_SOURCE;
				MTL_FAST_MATH = YES;
				ONLY_ACTIVE_ARCH = YES;
				SDKROOT = iphoneos;
				SWIFT_ACTIVE_COMPILATION_CONDITIONS = "DEBUG $(inherited)";
				SWIFT_OPTIMIZATION_LEVEL = "-Onone";
			};
			name = Debug;
		};
		93E35E132B8594FB008E939A /* Release */ = {
			isa = XCBuildConfiguration;
			buildSettings = {
				ALWAYS_SEARCH_USER_PATHS = NO;
				ASSETCATALOG_COMPILER_GENERATE_SWIFT_ASSET_SYMBOL_EXTENSIONS = YES;
				CLANG_ANALYZER_NONNULL = YES;
				CLANG_ANALYZER_NUMBER_OBJECT_CONVERSION = YES_AGGRESSIVE;
				CLANG_CXX_LANGUAGE_STANDARD = "gnu++20";
				CLANG_ENABLE_MODULES = YES;
				CLANG_ENABLE_OBJC_ARC = YES;
				CLANG_ENABLE_OBJC_WEAK = YES;
				CLANG_WARN_BLOCK_CAPTURE_AUTORELEASING = YES;
				CLANG_WARN_BOOL_CONVERSION = YES;
				CLANG_WARN_COMMA = YES;
				CLANG_WARN_CONSTANT_CONVERSION = YES;
				CLANG_WARN_DEPRECATED_OBJC_IMPLEMENTATIONS = YES;
				CLANG_WARN_DIRECT_OBJC_ISA_USAGE = YES_ERROR;
				CLANG_WARN_DOCUMENTATION_COMMENTS = YES;
				CLANG_WARN_EMPTY_BODY = YES;
				CLANG_WARN_ENUM_CONVERSION = YES;
				CLANG_WARN_INFINITE_RECURSION = YES;
				CLANG_WARN_INT_CONVERSION = YES;
				CLANG_WARN_NON_LITERAL_NULL_CONVERSION = YES;
				CLANG_WARN_OBJC_IMPLICIT_RETAIN_SELF = YES;
				CLANG_WARN_OBJC_LITERAL_CONVERSION = YES;
				CLANG_WARN_OBJC_ROOT_CLASS = YES_ERROR;
				CLANG_WARN_QUOTED_INCLUDE_IN_FRAMEWORK_HEADER = YES;
				CLANG_WARN_RANGE_LOOP_ANALYSIS = YES;
				CLANG_WARN_STRICT_PROTOTYPES = YES;
				CLANG_WARN_SUSPICIOUS_MOVE = YES;
				CLANG_WARN_UNGUARDED_AVAILABILITY = YES_AGGRESSIVE;
				CLANG_WARN_UNREACHABLE_CODE = YES;
				CLANG_WARN__DUPLICATE_METHOD_MATCH = YES;
				COPY_PHASE_STRIP = NO;
				DEBUG_INFORMATION_FORMAT = "dwarf-with-dsym";
				ENABLE_NS_ASSERTIONS = NO;
				ENABLE_STRICT_OBJC_MSGSEND = YES;
				ENABLE_USER_SCRIPT_SANDBOXING = YES;
				GCC_C_LANGUAGE_STANDARD = gnu17;
				GCC_NO_COMMON_BLOCKS = YES;
				GCC_WARN_64_TO_32_BIT_CONVERSION = YES;
				GCC_WARN_ABOUT_RETURN_TYPE = YES_ERROR;
				GCC_WARN_UNDECLARED_SELECTOR = YES;
				GCC_WARN_UNINITIALIZED_AUTOS = YES_AGGRESSIVE;
				GCC_WARN_UNUSED_FUNCTION = YES;
				GCC_WARN_UNUSED_VARIABLE = YES;
				IPHONEOS_DEPLOYMENT_TARGET = 17.0;
				LOCALIZATION_PREFERS_STRING_CATALOGS = YES;
				MTL_ENABLE_DEBUG_INFO = NO;
				MTL_FAST_MATH = YES;
				SDKROOT = iphoneos;
				SWIFT_COMPILATION_MODE = wholemodule;
				VALIDATE_PRODUCT = YES;
			};
			name = Release;
		};
		93E35E152B8594FB008E939A /* Debug */ = {
			isa = XCBuildConfiguration;
			buildSettings = {
				ASSETCATALOG_COMPILER_APPICON_NAME = AppIcon;
				ASSETCATALOG_COMPILER_GLOBAL_ACCENT_COLOR_NAME = AccentColor;
				CODE_SIGN_STYLE = Automatic;
				CURRENT_PROJECT_VERSION = 1;
				DEVELOPMENT_TEAM = 2GNX9Y2SZ7;
				GENERATE_INFOPLIST_FILE = YES;
				INFOPLIST_FILE = "Praise Path/Info.plist";
				INFOPLIST_KEY_UIApplicationSupportsIndirectInputEvents = YES;
				INFOPLIST_KEY_UILaunchStoryboardName = LaunchScreen;
				INFOPLIST_KEY_UIMainStoryboardFile = Main;
				INFOPLIST_KEY_UISupportedInterfaceOrientations = "UIInterfaceOrientationPortrait UIInterfaceOrientationPortraitUpsideDown";
				INFOPLIST_KEY_UISupportedInterfaceOrientations_iPad = "UIInterfaceOrientationLandscapeLeft UIInterfaceOrientationLandscapeRight UIInterfaceOrientationPortrait UIInterfaceOrientationPortraitUpsideDown";
				LD_RUNPATH_SEARCH_PATHS = (
					"$(inherited)",
					"@executable_path/Frameworks",
				);
				MARKETING_VERSION = 1.0;
				PRODUCT_BUNDLE_IDENTIFIER = "DanielOcasio.Praise-Path";
				PRODUCT_NAME = "$(TARGET_NAME)";
				SWIFT_EMIT_LOC_STRINGS = YES;
				SWIFT_VERSION = 5.0;
				TARGETED_DEVICE_FAMILY = "1,2";
			};
			name = Debug;
		};
		93E35E162B8594FB008E939A /* Release */ = {
			isa = XCBuildConfiguration;
			buildSettings = {
				ASSETCATALOG_COMPILER_APPICON_NAME = AppIcon;
				ASSETCATALOG_COMPILER_GLOBAL_ACCENT_COLOR_NAME = AccentColor;
				CODE_SIGN_STYLE = Automatic;
				CURRENT_PROJECT_VERSION = 1;
				DEVELOPMENT_TEAM = 2GNX9Y2SZ7;
				GENERATE_INFOPLIST_FILE = YES;
				INFOPLIST_FILE = "Praise Path/Info.plist";
				INFOPLIST_KEY_UIApplicationSupportsIndirectInputEvents = YES;
				INFOPLIST_KEY_UILaunchStoryboardName = LaunchScreen;
				INFOPLIST_KEY_UIMainStoryboardFile = Main;
				INFOPLIST_KEY_UISupportedInterfaceOrientations = "UIInterfaceOrientationPortrait UIInterfaceOrientationPortraitUpsideDown";
				INFOPLIST_KEY_UISupportedInterfaceOrientations_iPad = "UIInterfaceOrientationLandscapeLeft UIInterfaceOrientationLandscapeRight UIInterfaceOrientationPortrait UIInterfaceOrientationPortraitUpsideDown";
				LD_RUNPATH_SEARCH_PATHS = (
					"$(inherited)",
					"@executable_path/Frameworks",
				);
				MARKETING_VERSION = 1.0;
				PRODUCT_BUNDLE_IDENTIFIER = "DanielOcasio.Praise-Path";
				PRODUCT_NAME = "$(TARGET_NAME)";
				SWIFT_EMIT_LOC_STRINGS = YES;
				SWIFT_VERSION = 5.0;
				TARGETED_DEVICE_FAMILY = "1,2";
			};
			name = Release;
		};
/* End XCBuildConfiguration section */

/* Begin XCConfigurationList section */
		93E35DFB2B8594F9008E939A /* Build configuration list for PBXProject "Praise Path" */ = {
			isa = XCConfigurationList;
			buildConfigurations = (
				93E35E122B8594FB008E939A /* Debug */,
				93E35E132B8594FB008E939A /* Release */,
			);
			defaultConfigurationIsVisible = 0;
			defaultConfigurationName = Release;
		};
		93E35E142B8594FB008E939A /* Build configuration list for PBXNativeTarget "Praise Path" */ = {
			isa = XCConfigurationList;
			buildConfigurations = (
				93E35E152B8594FB008E939A /* Debug */,
				93E35E162B8594FB008E939A /* Release */,
			);
			defaultConfigurationIsVisible = 0;
			defaultConfigurationName = Release;
		};
/* End XCConfigurationList section */
	};
	rootObject = 93E35DF82B8594F9008E939A /* Project object */;
}
